
Microsoft Visual Studio Solution File, Format Version 12.00
# Visual Studio 15
Project("{FAE04EC0-301F-11D3-BF4B-00C04F79EFBC}") = "Assembly-CSharp-Editor-firstpass", "Assembly-CSharp-Editor-firstpass.csproj", "{5F94D040-8C07-8D96-2CB5-20DBB88ED411}"
EndProject
Global
	GlobalSection(SolutionConfigurationPlatforms) = preSolution
		Debug|Any CPU = Debug|Any CPU
		Release|Any CPU = Release|Any CPU
	EndGlobalSection
	GlobalSection(ProjectConfigurationPlatforms) = postSolution
		{5F94D040-8C07-8D96-2CB5-20DBB88ED411}.Debug|Any CPU.ActiveCfg = Debug|Any CPU
		{5F94D040-8C07-8D96-2CB5-20DBB88ED411}.Debug|Any CPU.Build.0 = Debug|Any CPU
		{5F94D040-8C07-8D96-2CB5-20DBB88ED411}.Release|Any CPU.ActiveCfg = Release|Any CPU
		{5F94D040-8C07-8D96-2CB5-20DBB88ED411}.Release|Any CPU.Build.0 = Release|Any CPU
	EndGlobalSection
EndGlobal
